
Microsoft Visual Studio Solution File, Format Version 12.00
# Visual Studio Version 17
VisualStudioVersion = 17.14.36202.13 d17.14
MinimumVisualStudioVersion = 10.0.40219.1
Project("{FAE04EC0-301F-11D3-BF4B-00C04F79EFBC}") = "FinserveNew", "FinserveNew.csproj", "{52CAA4BD-1CA7-4DEA-A2DB-41669291A6EB}"
EndProject
Global
	GlobalSection(SolutionConfigurationPlatforms) = preSolution
		Debug|Any CPU = Debug|Any CPU
		Release|Any CPU = Release|Any CPU
	EndGlobalSection
	GlobalSection(ProjectConfigurationPlatforms) = postSolution
		{52CAA4BD-1CA7-4DEA-A2DB-41669291A6EB}.Debug|Any CPU.ActiveCfg = Debug|Any CPU
		{52CAA4BD-1CA7-4DEA-A2DB-41669291A6EB}.Debug|Any CPU.Build.0 = Debug|Any CPU
		{52CAA4BD-1CA7-4DEA-A2DB-41669291A6EB}.Release|Any CPU.ActiveCfg = Release|Any CPU
		{52CAA4BD-1CA7-4DEA-A2DB-41669291A6EB}.Release|Any CPU.Build.0 = Release|Any CPU
	EndGlobalSection
	GlobalSection(SolutionProperties) = preSolution
		HideSolutionNode = FALSE
	EndGlobalSection
	GlobalSection(ExtensibilityGlobals) = postSolution
		SolutionGuid = {066A810F-D14D-420E-929B-597207E42F52}
	EndGlobalSection
EndGlobal
